
Microsoft Visual Studio Solution File, Format Version 12.00
# Visual Studio Version 17
VisualStudioVersion = 17.6.33723.286
MinimumVisualStudioVersion = 10.0.40219.1
Project("{FAE04EC0-301F-11D3-BF4B-00C04F79EFBC}") = "Urządzenia Peryferyjne Lab - 1 - Skaner", "Urządzenia Peryferyjne Lab - 1 - Skaner\Urządzenia Peryferyjne Lab - 1 - Skaner.csproj", "{8B3B2760-0622-4DA8-B166-EA259972A483}"
EndProject
Global
	GlobalSection(SolutionConfigurationPlatforms) = preSolution
		Debug|Any CPU = Debug|Any CPU
		Release|Any CPU = Release|Any CPU
	EndGlobalSection
	GlobalSection(ProjectConfigurationPlatforms) = postSolution
		{8B3B2760-0622-4DA8-B166-EA259972A483}.Debug|Any CPU.ActiveCfg = Debug|Any CPU
		{8B3B2760-0622-4DA8-B166-EA259972A483}.Debug|Any CPU.Build.0 = Debug|Any CPU
		{8B3B2760-0622-4DA8-B166-EA259972A483}.Release|Any CPU.ActiveCfg = Release|Any CPU
		{8B3B2760-0622-4DA8-B166-EA259972A483}.Release|Any CPU.Build.0 = Release|Any CPU
	EndGlobalSection
	GlobalSection(SolutionProperties) = preSolution
		HideSolutionNode = FALSE
	EndGlobalSection
	GlobalSection(ExtensibilityGlobals) = postSolution
		SolutionGuid = {CDFC3660-E9B3-42D2-AF40-2141251A74A1}
	EndGlobalSection
EndGlobal
